
Microsoft Visual Studio Solution File, Format Version 12.00
# Visual Studio Version 17
VisualStudioVersion = 17.0.31903.59
MinimumVisualStudioVersion = 10.0.40219.1
Project("{FAE04EC0-301F-11D3-BF4B-00C04F79EFBC}") = "Game", "Game.csproj", "{CD3CA1DA-B61B-45F4-B878-2B14DC61E721}"
EndProject
Project("{2150E333-8FDC-42A3-9474-1A3956D46DE8}") = "tests", "tests", "{EFC3E59F-FD5D-4C76-87BD-636940C47867}"
EndProject
Project("{FAE04EC0-301F-11D3-BF4B-00C04F79EFBC}") = "Game.Tests", "tests\Game.Tests\Game.Tests.csproj", "{AAC4FDB3-7419-4BDE-A4FD-CD33BCE03AFF}"
EndProject
Global
	GlobalSection(SolutionConfigurationPlatforms) = preSolution
		Debug|Any CPU = Debug|Any CPU
		Release|Any CPU = Release|Any CPU
	EndGlobalSection
	GlobalSection(SolutionProperties) = preSolution
		HideSolutionNode = FALSE
	EndGlobalSection
	GlobalSection(ProjectConfigurationPlatforms) = postSolution
		{CD3CA1DA-B61B-45F4-B878-2B14DC61E721}.Debug|Any CPU.ActiveCfg = Debug|Any CPU
		{CD3CA1DA-B61B-45F4-B878-2B14DC61E721}.Debug|Any CPU.Build.0 = Debug|Any CPU
		{CD3CA1DA-B61B-45F4-B878-2B14DC61E721}.Release|Any CPU.ActiveCfg = Debug|Any CPU
		{CD3CA1DA-B61B-45F4-B878-2B14DC61E721}.Release|Any CPU.Build.0 = Debug|Any CPU
		{AAC4FDB3-7419-4BDE-A4FD-CD33BCE03AFF}.Debug|Any CPU.ActiveCfg = Debug|Any CPU
		{AAC4FDB3-7419-4BDE-A4FD-CD33BCE03AFF}.Debug|Any CPU.Build.0 = Debug|Any CPU
		{AAC4FDB3-7419-4BDE-A4FD-CD33BCE03AFF}.Release|Any CPU.ActiveCfg = Release|Any CPU
		{AAC4FDB3-7419-4BDE-A4FD-CD33BCE03AFF}.Release|Any CPU.Build.0 = Release|Any CPU
	EndGlobalSection
	GlobalSection(NestedProjects) = preSolution
		{AAC4FDB3-7419-4BDE-A4FD-CD33BCE03AFF} = {EFC3E59F-FD5D-4C76-87BD-636940C47867}
	EndGlobalSection
EndGlobal
